
Microsoft Visual Studio Solution File, Format Version 12.00
# Visual Studio 15
VisualStudioVersion = 15.0.28010.2048
MinimumVisualStudioVersion = 10.0.40219.1
Project("{FAE04EC0-301F-11D3-BF4B-00C04F79EFBC}") = "Hystrix", "Hystrix\Hystrix.csproj", "{4D065644-67D9-4C86-A3F7-C8CD0FCA045B}"
EndProject
Global
	GlobalSection(SolutionConfigurationPlatforms) = preSolution
		Debug|Any CPU = Debug|Any CPU
		Release|Any CPU = Release|Any CPU
	EndGlobalSection
	GlobalSection(ProjectConfigurationPlatforms) = postSolution
		{4D065644-67D9-4C86-A3F7-C8CD0FCA045B}.Debug|Any CPU.ActiveCfg = Debug|Any CPU
		{4D065644-67D9-4C86-A3F7-C8CD0FCA045B}.Debug|Any CPU.Build.0 = Debug|Any CPU
		{4D065644-67D9-4C86-A3F7-C8CD0FCA045B}.Release|Any CPU.ActiveCfg = Release|Any CPU
		{4D065644-67D9-4C86-A3F7-C8CD0FCA045B}.Release|Any CPU.Build.0 = Release|Any CPU
	EndGlobalSection
	GlobalSection(SolutionProperties) = preSolution
		HideSolutionNode = FALSE
	EndGlobalSection
	GlobalSection(ExtensibilityGlobals) = postSolution
		SolutionGuid = {BFE85B49-8963-4E94-A2BD-B1BAF2A9F5D6}
	EndGlobalSection
EndGlobal
